
Microsoft Visual Studio Solution File, Format Version 12.00
# Visual Studio Version 16
VisualStudioVersion = 16.0.31729.503
MinimumVisualStudioVersion = 10.0.40219.1
Project("{FAE04EC0-301F-11D3-BF4B-00C04F79EFBC}") = "StringTasks", "StringTasks\StringTasks.csproj", "{C3044386-29CA-4273-B52F-8FC5F8269325}"
EndProject
Global
	GlobalSection(SolutionConfigurationPlatforms) = preSolution
		Debug|Any CPU = Debug|Any CPU
		Release|Any CPU = Release|Any CPU
	EndGlobalSection
	GlobalSection(ProjectConfigurationPlatforms) = postSolution
		{C3044386-29CA-4273-B52F-8FC5F8269325}.Debug|Any CPU.ActiveCfg = Debug|Any CPU
		{C3044386-29CA-4273-B52F-8FC5F8269325}.Debug|Any CPU.Build.0 = Debug|Any CPU
		{C3044386-29CA-4273-B52F-8FC5F8269325}.Release|Any CPU.ActiveCfg = Release|Any CPU
		{C3044386-29CA-4273-B52F-8FC5F8269325}.Release|Any CPU.Build.0 = Release|Any CPU
	EndGlobalSection
	GlobalSection(SolutionProperties) = preSolution
		HideSolutionNode = FALSE
	EndGlobalSection
	GlobalSection(ExtensibilityGlobals) = postSolution
		SolutionGuid = {1D60446C-0B03-40C5-80CC-B135FAF455C7}
	EndGlobalSection
EndGlobal
